
Microsoft Visual Studio Solution File, Format Version 12.00
# Visual Studio 14
VisualStudioVersion = 14.0.24720.0
MinimumVisualStudioVersion = 10.0.40219.1
Project("{FAE04EC0-301F-11D3-BF4B-00C04F79EFBC}") = "JsonSignMate", "JsonSignMate\JsonSignMate.csproj", "{FA11A5F5-F028-46F4-8172-D3DB8AD0C31D}"
EndProject
Project("{FAE04EC0-301F-11D3-BF4B-00C04F79EFBC}") = "JsonSignMate.Tests", "JsonSignMate.Tests\JsonSignMate.Tests.csproj", "{9F773232-56BB-4DF5-9742-AB91C3B9888A}"
EndProject
Global
	GlobalSection(SolutionConfigurationPlatforms) = preSolution
		Debug|Any CPU = Debug|Any CPU
		Release|Any CPU = Release|Any CPU
	EndGlobalSection
	GlobalSection(ProjectConfigurationPlatforms) = postSolution
		{FA11A5F5-F028-46F4-8172-D3DB8AD0C31D}.Debug|Any CPU.ActiveCfg = Debug|Any CPU
		{FA11A5F5-F028-46F4-8172-D3DB8AD0C31D}.Debug|Any CPU.Build.0 = Debug|Any CPU
		{FA11A5F5-F028-46F4-8172-D3DB8AD0C31D}.Release|Any CPU.ActiveCfg = Release|Any CPU
		{FA11A5F5-F028-46F4-8172-D3DB8AD0C31D}.Release|Any CPU.Build.0 = Release|Any CPU
		{9F773232-56BB-4DF5-9742-AB91C3B9888A}.Debug|Any CPU.ActiveCfg = Debug|Any CPU
		{9F773232-56BB-4DF5-9742-AB91C3B9888A}.Debug|Any CPU.Build.0 = Debug|Any CPU
		{9F773232-56BB-4DF5-9742-AB91C3B9888A}.Release|Any CPU.ActiveCfg = Release|Any CPU
		{9F773232-56BB-4DF5-9742-AB91C3B9888A}.Release|Any CPU.Build.0 = Release|Any CPU
	EndGlobalSection
	GlobalSection(SolutionProperties) = preSolution
		HideSolutionNode = FALSE
	EndGlobalSection
EndGlobal
